
Microsoft Visual Studio Solution File, Format Version 12.00
Project("{FAE04EC0-301F-11D3-BF4B-00C04F79EFBC}") = "Infrastructure", "Infrastructure\Infrastructure.csproj", "{8D04C94C-E800-4FA9-BA91-77931A1E6F67}"
EndProject
EndProject
Project("{FAE04EC0-301F-11D3-BF4B-00C04F79EFBC}") = "Payment", "Payment\Payment.csproj", "{ED5359B3-BF4D-4C45-AA6E-0C57A4F3AF7B}"
EndProject

Project("{FAE04EC0-301F-11D3-BF4B-00C04F79EFBC}") = "SchedulingServices", "SchedulingServices\SchedulingServices.csproj", "{CF10B868-59C2-4E1F-9144-02CC148069B7}"
EndProject
Project("{FAE04EC0-301F-11D3-BF4B-00C04F79EFBC}") = "Common", "Common\Common.csproj", "{88241465-44B8-4EF6-8576-D88548AA5240}"
EndProject

Global
	GlobalSection(SolutionConfigurationPlatforms) = preSolution
		Debug|Any CPU = Debug|Any CPU
		Release|Any CPU = Release|Any CPU
	EndGlobalSection
	GlobalSection(ProjectConfigurationPlatforms) = postSolution
		{0ACF3A3C-860D-4E6B-899B-F8ED282F6293}.Debug|Any CPU.ActiveCfg = Debug|Any CPU
		{0ACF3A3C-860D-4E6B-899B-F8ED282F6293}.Debug|Any CPU.Build.0 = Debug|Any CPU
		{0ACF3A3C-860D-4E6B-899B-F8ED282F6293}.Release|Any CPU.ActiveCfg = Release|Any CPU
		{0ACF3A3C-860D-4E6B-899B-F8ED282F6293}.Release|Any CPU.Build.0 = Release|Any CPU
		{88241465-44B8-4EF6-8576-D88548AA5240}.Debug|Any CPU.ActiveCfg = Debug|Any CPU
		{88241465-44B8-4EF6-8576-D88548AA5240}.Debug|Any CPU.Build.0 = Debug|Any CPU
		{88241465-44B8-4EF6-8576-D88548AA5240}.Release|Any CPU.ActiveCfg = Release|Any CPU
		{88241465-44B8-4EF6-8576-D88548AA5240}.Release|Any CPU.Build.0 = Release|Any CPU
		{8D04C94C-E800-4FA9-BA91-77931A1E6F67}.Debug|Any CPU.ActiveCfg = Debug|Any CPU
		{8D04C94C-E800-4FA9-BA91-77931A1E6F67}.Debug|Any CPU.Build.0 = Debug|Any CPU
		{8D04C94C-E800-4FA9-BA91-77931A1E6F67}.Release|Any CPU.ActiveCfg = Release|Any CPU
		{8D04C94C-E800-4FA9-BA91-77931A1E6F67}.Release|Any CPU.Build.0 = Release|Any CPU
		{6F7B6803-DC16-42E5-A64F-5E05646EDEA1}.Debug|Any CPU.ActiveCfg = Debug|Any CPU
		{6F7B6803-DC16-42E5-A64F-5E05646EDEA1}.Debug|Any CPU.Build.0 = Debug|Any CPU
		{6F7B6803-DC16-42E5-A64F-5E05646EDEA1}.Release|Any CPU.ActiveCfg = Release|Any CPU
		{6F7B6803-DC16-42E5-A64F-5E05646EDEA1}.Release|Any CPU.Build.0 = Release|Any CPU
		{4C657318-FB53-4D57-9AA7-C0AF8EC9348C}.Debug|Any CPU.ActiveCfg = Debug|Any CPU
		{4C657318-FB53-4D57-9AA7-C0AF8EC9348C}.Debug|Any CPU.Build.0 = Debug|Any CPU
		{4C657318-FB53-4D57-9AA7-C0AF8EC9348C}.Release|Any CPU.ActiveCfg = Release|Any CPU
		{4C657318-FB53-4D57-9AA7-C0AF8EC9348C}.Release|Any CPU.Build.0 = Release|Any CPU
		{7384E43D-D779-4EFE-A9C9-F9F605323541}.Debug|Any CPU.ActiveCfg = Debug|Any CPU
		{7384E43D-D779-4EFE-A9C9-F9F605323541}.Debug|Any CPU.Build.0 = Debug|Any CPU
		{7384E43D-D779-4EFE-A9C9-F9F605323541}.Release|Any CPU.ActiveCfg = Release|Any CPU
		{7384E43D-D779-4EFE-A9C9-F9F605323541}.Release|Any CPU.Build.0 = Release|Any CPU
		{AF124B42-B69E-4F4F-9747-5155D1F04FE4}.Debug|Any CPU.ActiveCfg = Debug|Any CPU
		{AF124B42-B69E-4F4F-9747-5155D1F04FE4}.Debug|Any CPU.Build.0 = Debug|Any CPU
		{AF124B42-B69E-4F4F-9747-5155D1F04FE4}.Release|Any CPU.ActiveCfg = Release|Any CPU
		{AF124B42-B69E-4F4F-9747-5155D1F04FE4}.Release|Any CPU.Build.0 = Release|Any CPU
		{ED5359B3-BF4D-4C45-AA6E-0C57A4F3AF7B}.Debug|Any CPU.ActiveCfg = Debug|Any CPU
		{ED5359B3-BF4D-4C45-AA6E-0C57A4F3AF7B}.Debug|Any CPU.Build.0 = Debug|Any CPU
		{ED5359B3-BF4D-4C45-AA6E-0C57A4F3AF7B}.Release|Any CPU.ActiveCfg = Release|Any CPU
		{ED5359B3-BF4D-4C45-AA6E-0C57A4F3AF7B}.Release|Any CPU.Build.0 = Release|Any CPU
		{CF10B868-59C2-4E1F-9144-02CC148069B7}.Debug|Any CPU.ActiveCfg = Debug|Any CPU
		{CF10B868-59C2-4E1F-9144-02CC148069B7}.Debug|Any CPU.Build.0 = Debug|Any CPU
		{CF10B868-59C2-4E1F-9144-02CC148069B7}.Release|Any CPU.ActiveCfg = Release|Any CPU
		{CF10B868-59C2-4E1F-9144-02CC148069B7}.Release|Any CPU.Build.0 = Release|Any CPU
		{D4F23FC6-9CD0-4A16-82B2-A103A5DE3751}.Debug|Any CPU.ActiveCfg = Debug|Any CPU
		{D4F23FC6-9CD0-4A16-82B2-A103A5DE3751}.Debug|Any CPU.Build.0 = Debug|Any CPU
		{D4F23FC6-9CD0-4A16-82B2-A103A5DE3751}.Release|Any CPU.ActiveCfg = Release|Any CPU
		{D4F23FC6-9CD0-4A16-82B2-A103A5DE3751}.Release|Any CPU.Build.0 = Release|Any CPU
		{EF1F9462-6FFA-478B-B48A-B21AFD947A0B}.Debug|Any CPU.ActiveCfg = Debug|Any CPU
		{EF1F9462-6FFA-478B-B48A-B21AFD947A0B}.Release|Any CPU.ActiveCfg = Release|Any CPU
		{EF1F9462-6FFA-478B-B48A-B21AFD947A0B}.Release|Any CPU.Build.0 = Release|Any CPU
		{6C00E650-C2F1-4FD0-A909-CFEFE303EB94}.Debug|Any CPU.ActiveCfg = Debug|Any CPU
		{6C00E650-C2F1-4FD0-A909-CFEFE303EB94}.Debug|Any CPU.Build.0 = Debug|Any CPU
		{6C00E650-C2F1-4FD0-A909-CFEFE303EB94}.Release|Any CPU.ActiveCfg = Release|Any CPU
		{6C00E650-C2F1-4FD0-A909-CFEFE303EB94}.Release|Any CPU.Build.0 = Release|Any CPU
		{BE34D5CB-7805-4A7A-9010-3BB6E61D3830}.Debug|Any CPU.ActiveCfg = Debug|Any CPU
		{BE34D5CB-7805-4A7A-9010-3BB6E61D3830}.Debug|Any CPU.Build.0 = Debug|Any CPU
		{BE34D5CB-7805-4A7A-9010-3BB6E61D3830}.Release|Any CPU.ActiveCfg = Release|Any CPU
		{BE34D5CB-7805-4A7A-9010-3BB6E61D3830}.Release|Any CPU.Build.0 = Release|Any CPU
		{986E0562-EC8B-443C-B30F-341F42B9E9C7}.Debug|Any CPU.ActiveCfg = Debug|Any CPU
		{986E0562-EC8B-443C-B30F-341F42B9E9C7}.Debug|Any CPU.Build.0 = Debug|Any CPU
		{986E0562-EC8B-443C-B30F-341F42B9E9C7}.Release|Any CPU.ActiveCfg = Release|Any CPU
		{986E0562-EC8B-443C-B30F-341F42B9E9C7}.Release|Any CPU.Build.0 = Release|Any CPU
		{BB493D59-31B3-4190-85F3-41AD2AED7A7F}.Debug|Any CPU.ActiveCfg = Debug|Any CPU
		{BB493D59-31B3-4190-85F3-41AD2AED7A7F}.Debug|Any CPU.Build.0 = Debug|Any CPU
		{BB493D59-31B3-4190-85F3-41AD2AED7A7F}.Release|Any CPU.ActiveCfg = Release|Any CPU
		{BB493D59-31B3-4190-85F3-41AD2AED7A7F}.Release|Any CPU.Build.0 = Release|Any CPU
		{FC1E50A4-B861-49A3-AC09-99E1EA948DB0}.Debug|Any CPU.ActiveCfg = Debug|Any CPU
		{FC1E50A4-B861-49A3-AC09-99E1EA948DB0}.Debug|Any CPU.Build.0 = Debug|Any CPU
		{FC1E50A4-B861-49A3-AC09-99E1EA948DB0}.Release|Any CPU.ActiveCfg = Release|Any CPU
		{FC1E50A4-B861-49A3-AC09-99E1EA948DB0}.Release|Any CPU.Build.0 = Release|Any CPU
		{F41E6533-584B-4F9C-B838-D0F467A13B21}.Debug|Any CPU.ActiveCfg = Debug|Any CPU
		{F41E6533-584B-4F9C-B838-D0F467A13B21}.Debug|Any CPU.Build.0 = Debug|Any CPU
		{F41E6533-584B-4F9C-B838-D0F467A13B21}.Release|Any CPU.ActiveCfg = Release|Any CPU
		{F41E6533-584B-4F9C-B838-D0F467A13B21}.Release|Any CPU.Build.0 = Release|Any CPU
		{7276464B-51F6-41F5-AD1E-AFED48B79218}.Debug|Any CPU.ActiveCfg = Debug|Any CPU
		{7276464B-51F6-41F5-AD1E-AFED48B79218}.Debug|Any CPU.Build.0 = Debug|Any CPU
		{7276464B-51F6-41F5-AD1E-AFED48B79218}.Release|Any CPU.ActiveCfg = Release|Any CPU
		{7276464B-51F6-41F5-AD1E-AFED48B79218}.Release|Any CPU.Build.0 = Release|Any CPU
		{9F082881-6666-4776-A569-24503BC18314}.Debug|Any CPU.ActiveCfg = Debug|Any CPU
		{9F082881-6666-4776-A569-24503BC18314}.Debug|Any CPU.Build.0 = Debug|Any CPU
		{9F082881-6666-4776-A569-24503BC18314}.Release|Any CPU.ActiveCfg = Release|Any CPU
		{9F082881-6666-4776-A569-24503BC18314}.Release|Any CPU.Build.0 = Release|Any CPU
		{AA9A636E-4B6B-45D9-A759-4645C19AC9C1}.Debug|Any CPU.ActiveCfg = Debug|Any CPU
		{AA9A636E-4B6B-45D9-A759-4645C19AC9C1}.Debug|Any CPU.Build.0 = Debug|Any CPU
		{AA9A636E-4B6B-45D9-A759-4645C19AC9C1}.Release|Any CPU.ActiveCfg = Release|Any CPU
		{AA9A636E-4B6B-45D9-A759-4645C19AC9C1}.Release|Any CPU.Build.0 = Release|Any CPU
	EndGlobalSection
EndGlobal
